
Microsoft Visual Studio Solution File, Format Version 12.00
# Visual Studio Version 17
VisualStudioVersion = 17.14.36717.8 d17.14
MinimumVisualStudioVersion = 10.0.40219.1
Project("{FAE04EC0-301F-11D3-BF4B-00C04F79EFBC}") = "CargoService.CargoCompany", "CargoService.CargoCompany\CargoService.CargoCompany.csproj", "{0517EC4A-BED3-4221-BA77-49DC6768F678}"
EndProject
Global
	GlobalSection(SolutionConfigurationPlatforms) = preSolution
		Debug|Any CPU = Debug|Any CPU
		Release|Any CPU = Release|Any CPU
	EndGlobalSection
	GlobalSection(ProjectConfigurationPlatforms) = postSolution
		{0517EC4A-BED3-4221-BA77-49DC6768F678}.Debug|Any CPU.ActiveCfg = Debug|Any CPU
		{0517EC4A-BED3-4221-BA77-49DC6768F678}.Debug|Any CPU.Build.0 = Debug|Any CPU
		{0517EC4A-BED3-4221-BA77-49DC6768F678}.Release|Any CPU.ActiveCfg = Release|Any CPU
		{0517EC4A-BED3-4221-BA77-49DC6768F678}.Release|Any CPU.Build.0 = Release|Any CPU
	EndGlobalSection
	GlobalSection(SolutionProperties) = preSolution
		HideSolutionNode = FALSE
	EndGlobalSection
	GlobalSection(ExtensibilityGlobals) = postSolution
		SolutionGuid = {3B92C4F2-FC3C-4345-A513-F197FB739CFB}
	EndGlobalSection
EndGlobal
